
Microsoft Visual Studio Solution File, Format Version 12.00
# Visual Studio Version 16
VisualStudioVersion = 16.0.31105.61
MinimumVisualStudioVersion = 10.0.40219.1
Project("{FAE04EC0-301F-11D3-BF4B-00C04F79EFBC}") = "oragnic", "oragnic.csproj", "{08583B01-6081-467D-A2EF-EE8F3D3EC2C7}"
EndProject
Global
	GlobalSection(SolutionConfigurationPlatforms) = preSolution
		Debug|Any CPU = Debug|Any CPU
		Release|Any CPU = Release|Any CPU
	EndGlobalSection
	GlobalSection(ProjectConfigurationPlatforms) = postSolution
		{08583B01-6081-467D-A2EF-EE8F3D3EC2C7}.Debug|Any CPU.ActiveCfg = Debug|Any CPU
		{08583B01-6081-467D-A2EF-EE8F3D3EC2C7}.Debug|Any CPU.Build.0 = Debug|Any CPU
		{08583B01-6081-467D-A2EF-EE8F3D3EC2C7}.Release|Any CPU.ActiveCfg = Release|Any CPU
		{08583B01-6081-467D-A2EF-EE8F3D3EC2C7}.Release|Any CPU.Build.0 = Release|Any CPU
	EndGlobalSection
	GlobalSection(SolutionProperties) = preSolution
		HideSolutionNode = FALSE
	EndGlobalSection
	GlobalSection(ExtensibilityGlobals) = postSolution
		SolutionGuid = {7DF31E20-F772-4F94-9D89-40EEA13A63BD}
	EndGlobalSection
EndGlobal
